PODS:
  - Masonry (1.1.0)
  - WJPlayer (0.1.8):
    - Masonry

DEPENDENCIES:
  - WJPlayer (from `../`)

EXTERNAL SOURCES:
  WJPlayer:
    :path: ../

SPEC CHECKSUMS:
  Masonry: 678fab65091a9290e40e2832a55e7ab731aad201
  WJPlayer: 253258eb73888aee1a40973f0e3d217bab95c5d4

PODFILE CHECKSUM: 8c97ac7b1622af2b802d22a1b5598c7687fd9a8f

COCOAPODS: 1.2.1
